// !$*UTF8*$!
{
	archiveVersion = 1;
	classes = {
	};
	objectVersion = 70;
	objects = {

/* Begin PBXBuildFile section */
		085E58782E700DD20024AA4B /* SwiftMarkdownView in Frameworks */ = {isa = PBXBuildFile; productRef = 085E58772E700DD20024AA4B /* SwiftMarkdownView */; };
		085E587B2E70113F0024AA4B /* SwiftMarkdownView in Frameworks */ = {isa = PBXBuildFile; platformFilters = (macos, ); productRef = 085E587A2E70113F0024AA4B /* SwiftMarkdownView */; };
		08DAD9C62E908D3D00BC04A1 /* LynkShare.appex in Embed Foundation Extensions */ = {isa = PBXBuildFile; fileRef = 08DAD9BC2E908D3D00BC04A1 /* LynkShare.appex */; platformFilters = (ios, xros, ); settings = {ATTRIBUTES = (RemoveHeadersOnCopy, ); }; };
/* End PBXBuildFile section */

/* Begin PBXContainerItemProxy section */
		08DAD9C42E908D3D00BC04A1 /* PBXContainerItemProxy */ = {
			isa = PBXContainerItemProxy;
			containerPortal = 08A222772C2AB4FD00D76C8B /* Project object */;
			proxyType = 1;
			remoteGlobalIDString = 08DAD9BB2E908D3D00BC04A1;
			remoteInfo = LynkShare;
		};
/* End PBXContainerItemProxy section */

/* Begin PBXCopyFilesBuildPhase section */
		08DAD9CB2E908D3D00BC04A1 /* Embed Foundation Extensions */ = {
			isa = PBXCopyFilesBuildPhase;
			buildActionMask = 2147483647;
			dstPath = "";
			dstSubfolderSpec = 13;
			files = (
				08DAD9C62E908D3D00BC04A1 /* LynkShare.appex in Embed Foundation Extensions */,
			);
			name = "Embed Foundation Extensions";
			runOnlyForDeploymentPostprocessing = 0;
		};
/* End PBXCopyFilesBuildPhase section */

/* Begin PBXFileReference section */
		08A2227F2C2AB4FD00D76C8B /* LynkChat.app */ = {isa = PBXFileReference; explicitFileType = wrapper.application; includeInIndex = 0; path = LynkChat.app; sourceTree = BUILT_PRODUCTS_DIR; };
		08DAD9BC2E908D3D00BC04A1 /* LynkShare.appex */ = {isa = PBXFileReference; explicitFileType = "wrapper.app-extension"; includeInIndex = 0; path = LynkShare.appex; sourceTree = BUILT_PRODUCTS_DIR; };
/* End PBXFileReference section */

/* Begin PBXFileSystemSynchronizedBuildFileExceptionSet section */
		08B068CD2D815C760020A9E7 /* PBXFileSystemSynchronizedBuildFileExceptionSet */ = {
			isa = PBXFileSystemSynchronizedBuildFileExceptionSet;
			membershipExceptions = (
				Info.plist,
			);
			platformFiltersByRelativePath = {
				Utils/HotKeyManager.swift = (
					macos,
				);
				Views/ChatDetailViews/ChatDetailMac.swift = (
					macos,
				);
				Views/ChatDetailViews/ChatDetailMobile.swift = (
					ios,
					xros,
				);
				Views/ChatDetailViews/ChatToolbar.swift = (
					macos,
				);
				Views/ChatDetailViews/MessageViews/TextSelectionView.swift = (
					ios,
					xros,
				);
				Views/ChatDetailViews/PasteHandler.swift = (
					macos,
				);
				Views/ChatListViews/ChatListCards.swift = (
					macos,
				);
				Views/ChatListViews/ChatListIos.swift = (
					ios,
					xros,
				);
				Views/ChatListViews/ChatListMac.swift = (
					macos,
				);
				Views/InputViews/iOS/CameraView.swift = (
					ios,
				);
				Views/InputViews/iOS/ExpandedSearchView.swift = (
					ios,
					xros,
				);
				Views/InputViews/iOS/InputArea.swift = (
					ios,
					xros,
				);
				Views/InputViews/iOS/InputEditor.swift = (
					ios,
					xros,
				);
				Views/InputViews/macOS/InputArea.swift = (
					macos,
				);
				Views/InputViews/macOS/InputEditor.swift = (
					macos,
				);
				Views/Onboarding/PermissionsOnboarding.swift = (
					ios,
					xros,
				);
				Views/Onboarding/QuickPanelOnboarding.swift = (
					macos,
				);
				Views/Settings/QuickPanelSettings.swift = (
					macos,
				);
				Views/Settings/Shortcut/ShortcutSettings.swift = (
					macos,
				);
				Views/Windows/AboutWindow.swift = (
					macos,
				);
				Views/Windows/AppDelegate/AppDelegate.swift = (
					ios,
					xros,
				);
				Views/Windows/AudioWindow.swift = (
					macos,
				);
				Views/Windows/ChatContentView.swift = (
					macos,
				);
				Views/Windows/ChatWindow.swift = (
					macos,
				);
				Views/Windows/HelpWindow.swift = (
					macos,
				);
				Views/Windows/IOSWindow.swift = (
					ios,
					xros,
				);
				Views/Windows/ImageContentView.swift = (
					macos,
				);
				Views/Windows/ImageWindow.swift = (
					macos,
				);
				Views/Windows/QuickPanelWindow/QuickPanelView.swift = (
					macos,
				);
				Views/Windows/QuickPanelWindow/QuickPanelWindow.swift = (
					macos,
				);
				Views/Windows/SettingsWindow.swift = (
					macos,
				);
				Views/Windows/WindowScenesCollection.swift = (
					macos,
				);
			};
			target = 08A2227E2C2AB4FD00D76C8B /* LynkChat */;
		};
		08DAD9CA2E908D3D00BC04A1 /* PBXFileSystemSynchronizedBuildFileExceptionSet */ = {
			isa = PBXFileSystemSynchronizedBuildFileExceptionSet;
			membershipExceptions = (
				Info.plist,
			);
			target = 08DAD9BB2E908D3D00BC04A1 /* LynkShare */;
		};
/* End PBXFileSystemSynchronizedBuildFileExceptionSet section */

/* Begin PBXFileSystemSynchronizedRootGroup section */
		08B067FF2D815C760020A9E7 /* LynkChat */ = {isa = PBXFileSystemSynchronizedRootGroup; exceptions = (08B068CD2D815C760020A9E7 /* PBXFileSystemSynchronizedBuildFileExceptionSet */, ); explicitFileTypes = {}; explicitFolders = (); path = LynkChat; sourceTree = "<group>"; };
		08DAD9BD2E908D3D00BC04A1 /* LynkShare */ = {isa = PBXFileSystemSynchronizedRootGroup; exceptions = (08DAD9CA2E908D3D00BC04A1 /* PBXFileSystemSynchronizedBuildFileExceptionSet */, ); explicitFileTypes = {}; explicitFolders = (); path = LynkShare; sourceTree = "<group>"; };
/* End PBXFileSystemSynchronizedRootGroup section */

/* Begin PBXFrameworksBuildPhase section */
		08A2227C2C2AB4FD00D76C8B /* Frameworks */ = {
			isa = PBXFrameworksBuildPhase;
			buildActionMask = 2147483647;
			files = (
				085E587B2E70113F0024AA4B /* SwiftMarkdownView in Frameworks */,
				085E58782E700DD20024AA4B /* SwiftMarkdownView in Frameworks */,
			);
			runOnlyForDeploymentPostprocessing = 0;
		};
		08DAD9B92E908D3D00BC04A1 /* Frameworks */ = {
			isa = PBXFrameworksBuildPhase;
			buildActionMask = 2147483647;
			files = (
			);
			runOnlyForDeploymentPostprocessing = 0;
		};
/* End PBXFrameworksBuildPhase section */

/* Begin PBXGroup section */
		08A222762C2AB4FD00D76C8B = {
			isa = PBXGroup;
			children = (
				08B067FF2D815C760020A9E7 /* LynkChat */,
				08DAD9BD2E908D3D00BC04A1 /* LynkShare */,
				08A222802C2AB4FD00D76C8B /* Products */,
			);
			sourceTree = "<group>";
		};
		08A222802C2AB4FD00D76C8B /* Products */ = {
			isa = PBXGroup;
			children = (
				08A2227F2C2AB4FD00D76C8B /* LynkChat.app */,
				08DAD9BC2E908D3D00BC04A1 /* LynkShare.appex */,
			);
			name = Products;
			sourceTree = "<group>";
		};
/* End PBXGroup section */

/* Begin PBXNativeTarget section */
		08A2227E2C2AB4FD00D76C8B /* LynkChat */ = {
			isa = PBXNativeTarget;
			buildConfigurationList = 08A222A62C2AB4FE00D76C8B /* Build configuration list for PBXNativeTarget "LynkChat" */;
			buildPhases = (
				08A2227B2C2AB4FD00D76C8B /* Sources */,
				08A2227C2C2AB4FD00D76C8B /* Frameworks */,
				08A2227D2C2AB4FD00D76C8B /* Resources */,
				08DAD9CB2E908D3D00BC04A1 /* Embed Foundation Extensions */,
			);
			buildRules = (
			);
			dependencies = (
				08DAD9C52E908D3D00BC04A1 /* PBXTargetDependency */,
			);
			fileSystemSynchronizedGroups = (
				08B067FF2D815C760020A9E7 /* LynkChat */,
			);
			name = LynkChat;
			packageProductDependencies = (
				085E58772E700DD20024AA4B /* SwiftMarkdownView */,
				085E587A2E70113F0024AA4B /* SwiftMarkdownView */,
			);
			productName = LynkChat;
			productReference = 08A2227F2C2AB4FD00D76C8B /* LynkChat.app */;
			productType = "com.apple.product-type.application";
		};
		08DAD9BB2E908D3D00BC04A1 /* LynkShare */ = {
			isa = PBXNativeTarget;
			buildConfigurationList = 08DAD9C72E908D3D00BC04A1 /* Build configuration list for PBXNativeTarget "LynkShare" */;
			buildPhases = (
				08DAD9B82E908D3D00BC04A1 /* Sources */,
				08DAD9B92E908D3D00BC04A1 /* Frameworks */,
				08DAD9BA2E908D3D00BC04A1 /* Resources */,
			);
			buildRules = (
			);
			dependencies = (
			);
			fileSystemSynchronizedGroups = (
				08DAD9BD2E908D3D00BC04A1 /* LynkShare */,
			);
			name = LynkShare;
			packageProductDependencies = (
			);
			productName = LynkShare;
			productReference = 08DAD9BC2E908D3D00BC04A1 /* LynkShare.appex */;
			productType = "com.apple.product-type.app-extension";
		};
/* End PBXNativeTarget section */

/* Begin PBXProject section */
		08A222772C2AB4FD00D76C8B /* Project object */ = {
			isa = PBXProject;
			attributes = {
				BuildIndependentTargetsInParallel = 1;
				LastSwiftUpdateCheck = 2600;
				LastUpgradeCheck = 2600;
				TargetAttributes = {
					08A2227E2C2AB4FD00D76C8B = {
						CreatedOnToolsVersion = 16.0;
					};
					08DAD9BB2E908D3D00BC04A1 = {
						CreatedOnToolsVersion = 26.0.1;
					};
				};
			};
			buildConfigurationList = 08A2227A2C2AB4FD00D76C8B /* Build configuration list for PBXProject "LynkChat" */;
			compatibilityVersion = "Xcode 15.0";
			developmentRegion = en;
			hasScannedForEncodings = 0;
			knownRegions = (
				en,
				Base,
			);
			mainGroup = 08A222762C2AB4FD00D76C8B;
			packageReferences = (
				085E58792E70113F0024AA4B /* XCRemoteSwiftPackageReference "SwiftMarkdownView" */,
			);
			productRefGroup = 08A222802C2AB4FD00D76C8B /* Products */;
			projectDirPath = "";
			projectRoot = "";
			targets = (
				08A2227E2C2AB4FD00D76C8B /* LynkChat */,
				08DAD9BB2E908D3D00BC04A1 /* LynkShare */,
			);
		};
/* End PBXProject section */

/* Begin PBXResourcesBuildPhase section */
		08A2227D2C2AB4FD00D76C8B /* Resources */ = {
			isa = PBXResourcesBuildPhase;
			buildActionMask = 2147483647;
			files = (
			);
			runOnlyForDeploymentPostprocessing = 0;
		};
		08DAD9BA2E908D3D00BC04A1 /* Resources */ = {
			isa = PBXResourcesBuildPhase;
			buildActionMask = 2147483647;
			files = (
			);
			runOnlyForDeploymentPostprocessing = 0;
		};
/* End PBXResourcesBuildPhase section */

/* Begin PBXSourcesBuildPhase section */
		08A2227B2C2AB4FD00D76C8B /* Sources */ = {
			isa = PBXSourcesBuildPhase;
			buildActionMask = 2147483647;
			files = (
			);
			runOnlyForDeploymentPostprocessing = 0;
		};
		08DAD9B82E908D3D00BC04A1 /* Sources */ = {
			isa = PBXSourcesBuildPhase;
			buildActionMask = 2147483647;
			files = (
			);
			runOnlyForDeploymentPostprocessing = 0;
		};
/* End PBXSourcesBuildPhase section */

/* Begin PBXTargetDependency section */
		08DAD9C52E908D3D00BC04A1 /* PBXTargetDependency */ = {
			isa = PBXTargetDependency;
			platformFilters = (
				ios,
				xros,
			);
			target = 08DAD9BB2E908D3D00BC04A1 /* LynkShare */;
			targetProxy = 08DAD9C42E908D3D00BC04A1 /* PBXContainerItemProxy */;
		};
/* End PBXTargetDependency section */

/* Begin XCBuildConfiguration section */
		08A222A42C2AB4FE00D76C8B /* Debug */ = {
			isa = XCBuildConfiguration;
			buildSettings = {
				ALWAYS_SEARCH_USER_PATHS = NO;
				ASSETCATALOG_COMPILER_GENERATE_SWIFT_ASSET_SYMBOL_EXTENSIONS = YES;
				CLANG_ANALYZER_NONNULL = YES;
				CLANG_ANALYZER_NUMBER_OBJECT_CONVERSION = YES_AGGRESSIVE;
				CLANG_CXX_LANGUAGE_STANDARD = "gnu++20";
				CLANG_ENABLE_MODULES = YES;
				CLANG_ENABLE_OBJC_ARC = YES;
				CLANG_ENABLE_OBJC_WEAK = YES;
				CLANG_WARN_BLOCK_CAPTURE_AUTORELEASING = YES;
				CLANG_WARN_BOOL_CONVERSION = YES;
				CLANG_WARN_COMMA = YES;
				CLANG_WARN_CONSTANT_CONVERSION = YES;
				CLANG_WARN_DEPRECATED_OBJC_IMPLEMENTATIONS = YES;
				CLANG_WARN_DIRECT_OBJC_ISA_USAGE = YES_ERROR;
				CLANG_WARN_DOCUMENTATION_COMMENTS = YES;
				CLANG_WARN_EMPTY_BODY = YES;
				CLANG_WARN_ENUM_CONVERSION = YES;
				CLANG_WARN_INFINITE_RECURSION = YES;
				CLANG_WARN_INT_CONVERSION = YES;
				CLANG_WARN_NON_LITERAL_NULL_CONVERSION = YES;
				CLANG_WARN_OBJC_IMPLICIT_RETAIN_SELF = YES;
				CLANG_WARN_OBJC_LITERAL_CONVERSION = YES;
				CLANG_WARN_OBJC_ROOT_CLASS = YES_ERROR;
				CLANG_WARN_QUOTED_INCLUDE_IN_FRAMEWORK_HEADER = YES;
				CLANG_WARN_RANGE_LOOP_ANALYSIS = YES;
				CLANG_WARN_STRICT_PROTOTYPES = YES;
				CLANG_WARN_SUSPICIOUS_MOVE = YES;
				CLANG_WARN_UNGUARDED_AVAILABILITY = YES_AGGRESSIVE;
				CLANG_WARN_UNREACHABLE_CODE = YES;
				CLANG_WARN__DUPLICATE_METHOD_MATCH = YES;
				COPY_PHASE_STRIP = NO;
				DEAD_CODE_STRIPPING = YES;
				DEBUG_INFORMATION_FORMAT = dwarf;
				DEVELOPMENT_ASSET_PATHS = "";
				DEVELOPMENT_TEAM = 2L782RMCG7;
				ENABLE_STRICT_OBJC_MSGSEND = YES;
				ENABLE_TESTABILITY = YES;
				ENABLE_USER_SCRIPT_SANDBOXING = YES;
				GCC_C_LANGUAGE_STANDARD = gnu17;
				GCC_DYNAMIC_NO_PIC = NO;
				GCC_NO_COMMON_BLOCKS = YES;
				GCC_OPTIMIZATION_LEVEL = 0;
				GCC_PREPROCESSOR_DEFINITIONS = (
					"DEBUG=1",
					"$(inherited)",
				);
				GCC_WARN_64_TO_32_BIT_CONVERSION = YES;
				GCC_WARN_ABOUT_RETURN_TYPE = YES_ERROR;
				GCC_WARN_UNDECLARED_SELECTOR = YES;
				GCC_WARN_UNINITIALIZED_AUTOS = YES_AGGRESSIVE;
				GCC_WARN_UNUSED_FUNCTION = YES;
				GCC_WARN_UNUSED_VARIABLE = YES;
				LOCALIZATION_PREFERS_STRING_CATALOGS = YES;
				MTL_ENABLE_DEBUG_INFO = INCLUDE_SOURCE;
				MTL_FAST_MATH = YES;
				ONLY_ACTIVE_ARCH = YES;
				PRODUCT_NAME = LynkChat;
				STRING_CATALOG_GENERATE_SYMBOLS = YES;
				SWIFT_ACTIVE_COMPILATION_CONDITIONS = "DEBUG $(inherited)";
				SWIFT_APPROACHABLE_CONCURRENCY = YES;
				SWIFT_DEFAULT_ACTOR_ISOLATION = MainActor;
				SWIFT_EMIT_LOC_STRINGS = YES;
				SWIFT_OPTIMIZATION_LEVEL = "-Onone";
				SWIFT_STRICT_MEMORY_SAFETY = YES;
				SWIFT_VERSION = 6.0;
			};
			name = Debug;
		};
		08A222A52C2AB4FE00D76C8B /* Release */ = {
			isa = XCBuildConfiguration;
			buildSettings = {
				ALWAYS_SEARCH_USER_PATHS = NO;
				ASSETCATALOG_COMPILER_GENERATE_SWIFT_ASSET_SYMBOL_EXTENSIONS = YES;
				CLANG_ANALYZER_NONNULL = YES;
				CLANG_ANALYZER_NUMBER_OBJECT_CONVERSION = YES_AGGRESSIVE;
				CLANG_CXX_LANGUAGE_STANDARD = "gnu++20";
				CLANG_ENABLE_MODULES = YES;
				CLANG_ENABLE_OBJC_ARC = YES;
				CLANG_ENABLE_OBJC_WEAK = YES;
				CLANG_WARN_BLOCK_CAPTURE_AUTORELEASING = YES;
				CLANG_WARN_BOOL_CONVERSION = YES;
				CLANG_WARN_COMMA = YES;
				CLANG_WARN_CONSTANT_CONVERSION = YES;
				CLANG_WARN_DEPRECATED_OBJC_IMPLEMENTATIONS = YES;
				CLANG_WARN_DIRECT_OBJC_ISA_USAGE = YES_ERROR;
				CLANG_WARN_DOCUMENTATION_COMMENTS = YES;
				CLANG_WARN_EMPTY_BODY = YES;
				CLANG_WARN_ENUM_CONVERSION = YES;
				CLANG_WARN_INFINITE_RECURSION = YES;
				CLANG_WARN_INT_CONVERSION = YES;
				CLANG_WARN_NON_LITERAL_NULL_CONVERSION = YES;
				CLANG_WARN_OBJC_IMPLICIT_RETAIN_SELF = YES;
				CLANG_WARN_OBJC_LITERAL_CONVERSION = YES;
				CLANG_WARN_OBJC_ROOT_CLASS = YES_ERROR;
				CLANG_WARN_QUOTED_INCLUDE_IN_FRAMEWORK_HEADER = YES;
				CLANG_WARN_RANGE_LOOP_ANALYSIS = YES;
				CLANG_WARN_STRICT_PROTOTYPES = YES;
				CLANG_WARN_SUSPICIOUS_MOVE = YES;
				CLANG_WARN_UNGUARDED_AVAILABILITY = YES_AGGRESSIVE;
				CLANG_WARN_UNREACHABLE_CODE = YES;
				CLANG_WARN__DUPLICATE_METHOD_MATCH = YES;
				COPY_PHASE_STRIP = NO;
				DEAD_CODE_STRIPPING = YES;
				DEBUG_INFORMATION_FORMAT = "dwarf-with-dsym";
				DEVELOPMENT_ASSET_PATHS = "";
				DEVELOPMENT_TEAM = 2L782RMCG7;
				ENABLE_NS_ASSERTIONS = NO;
				ENABLE_STRICT_OBJC_MSGSEND = YES;
				ENABLE_USER_SCRIPT_SANDBOXING = YES;
				GCC_C_LANGUAGE_STANDARD = gnu17;
				GCC_NO_COMMON_BLOCKS = YES;
				GCC_WARN_64_TO_32_BIT_CONVERSION = YES;
				GCC_WARN_ABOUT_RETURN_TYPE = YES_ERROR;
				GCC_WARN_UNDECLARED_SELECTOR = YES;
				GCC_WARN_UNINITIALIZED_AUTOS = YES_AGGRESSIVE;
				GCC_WARN_UNUSED_FUNCTION = YES;
				GCC_WARN_UNUSED_VARIABLE = YES;
				LOCALIZATION_PREFERS_STRING_CATALOGS = YES;
				MTL_ENABLE_DEBUG_INFO = NO;
				MTL_FAST_MATH = YES;
				PRODUCT_NAME = LynkChat;
				STRING_CATALOG_GENERATE_SYMBOLS = YES;
				SWIFT_APPROACHABLE_CONCURRENCY = YES;
				SWIFT_COMPILATION_MODE = wholemodule;
				SWIFT_DEFAULT_ACTOR_ISOLATION = MainActor;
				SWIFT_EMIT_LOC_STRINGS = YES;
				SWIFT_STRICT_MEMORY_SAFETY = YES;
				SWIFT_VERSION = 6.0;
			};
			name = Release;
		};
		08A222A72C2AB4FE00D76C8B /* Debug */ = {
			isa = XCBuildConfiguration;
			buildSettings = {
				ASSETCATALOG_COMPILER_APPICON_NAME = AppIcon;
				ASSETCATALOG_COMPILER_GLOBAL_ACCENT_COLOR_NAME = AccentColor;
				ASSETCATALOG_COMPILER_INCLUDE_ALL_APPICON_ASSETS = NO;
				CODE_SIGN_ENTITLEMENTS = LynkChat/LynkChat.entitlements;
				CODE_SIGN_IDENTITY = "Apple Development";
				CODE_SIGN_STYLE = Automatic;
				CURRENT_PROJECT_VERSION = 1;
				DEAD_CODE_STRIPPING = YES;
				DEVELOPMENT_ASSET_PATHS = "";
				DEVELOPMENT_TEAM = 2L782RMCG7;
				ENABLE_APP_SANDBOX = YES;
				ENABLE_FILE_ACCESS_DOWNLOADS_FOLDER = readwrite;
				ENABLE_FILE_ACCESS_PICTURE_FOLDER = readwrite;
				ENABLE_HARDENED_RUNTIME = YES;
				ENABLE_INCOMING_NETWORK_CONNECTIONS = NO;
				ENABLE_OUTGOING_NETWORK_CONNECTIONS = YES;
				ENABLE_PREVIEWS = YES;
				ENABLE_RESOURCE_ACCESS_AUDIO_INPUT = YES;
				ENABLE_RESOURCE_ACCESS_BLUETOOTH = NO;
				ENABLE_RESOURCE_ACCESS_CALENDARS = NO;
				ENABLE_RESOURCE_ACCESS_CAMERA = YES;
				ENABLE_RESOURCE_ACCESS_CONTACTS = NO;
				ENABLE_RESOURCE_ACCESS_LOCATION = NO;
				ENABLE_RESOURCE_ACCESS_PHOTO_LIBRARY = YES;
				ENABLE_RESOURCE_ACCESS_PRINTING = NO;
				ENABLE_RESOURCE_ACCESS_USB = NO;
				ENABLE_USER_SELECTED_FILES = readwrite;
				GENERATE_INFOPLIST_FILE = YES;
				INFOPLIST_FILE = LynkChat/Info.plist;
				INFOPLIST_KEY_LSApplicationCategoryType = "public.app-category.education";
				INFOPLIST_KEY_NSCameraUsageDescription = "Describe images using computer vision";
				INFOPLIST_KEY_NSMicrophoneUsageDescription = "To enable live audio conversation with AI";
				INFOPLIST_KEY_NSPhotoLibraryUsageDescription = "To save AI Generated images to gallery";
				"INFOPLIST_KEY_UIApplicationSceneManifest_Generation[sdk=iphoneos*]" = YES;
				"INFOPLIST_KEY_UIApplicationSceneManifest_Generation[sdk=iphonesimulator*]" = YES;
				"INFOPLIST_KEY_UIApplicationSupportsIndirectInputEvents[sdk=iphoneos*]" = YES;
				"INFOPLIST_KEY_UIApplicationSupportsIndirectInputEvents[sdk=iphonesimulator*]" = YES;
				"INFOPLIST_KEY_UILaunchScreen_Generation[sdk=iphoneos*]" = YES;
				"INFOPLIST_KEY_UILaunchScreen_Generation[sdk=iphonesimulator*]" = YES;
				"INFOPLIST_KEY_UIStatusBarStyle[sdk=iphoneos*]" = UIStatusBarStyleDefault;
				"INFOPLIST_KEY_UIStatusBarStyle[sdk=iphonesimulator*]" = UIStatusBarStyleDefault;
				INFOPLIST_KEY_UISupportedInterfaceOrientations_iPad = "UIInterfaceOrientationPortrait UIInterfaceOrientationPortraitUpsideDown UIInterfaceOrientationLandscapeLeft UIInterfaceOrientationLandscapeRight";
				IPHONEOS_DEPLOYMENT_TARGET = 26.0;
				LD_RUNPATH_SEARCH_PATHS = "@executable_path/Frameworks";
				"LD_RUNPATH_SEARCH_PATHS[sdk=macosx*]" = "@executable_path/../Frameworks";
				MACOSX_DEPLOYMENT_TARGET = 26.0;
				MARKETING_VERSION = 1.0;
				PRODUCT_BUNDLE_IDENTIFIER = com.temporary.Lynkchat;
				PRODUCT_NAME = "$(TARGET_NAME)";
				PROVISIONING_PROFILE_SPECIFIER = "";
				REGISTER_APP_GROUPS = YES;
				SDKROOT = auto;
				SUPPORTED_PLATFORMS = "iphoneos iphonesimulator macosx xros xrsimulator";
				SUPPORTS_MACCATALYST = NO;
				SWIFT_APPROACHABLE_CONCURRENCY = YES;
				SWIFT_DEFAULT_ACTOR_ISOLATION = MainActor;
				SWIFT_EMIT_LOC_STRINGS = YES;
				SWIFT_STRICT_CONCURRENCY = targeted;
				SWIFT_VERSION = 5.0;
				TARGETED_DEVICE_FAMILY = "1,2,6,7";
				XROS_DEPLOYMENT_TARGET = 2.0;
			};
			name = Debug;
		};
		08A222A82C2AB4FE00D76C8B /* Release */ = {
			isa = XCBuildConfiguration;
			buildSettings = {
				ASSETCATALOG_COMPILER_APPICON_NAME = AppIcon;
				ASSETCATALOG_COMPILER_GLOBAL_ACCENT_COLOR_NAME = AccentColor;
				ASSETCATALOG_COMPILER_INCLUDE_ALL_APPICON_ASSETS = NO;
				CODE_SIGN_ENTITLEMENTS = LynkChat/LynkChat.entitlements;
				CODE_SIGN_IDENTITY = "Apple Development";
				CODE_SIGN_STYLE = Automatic;
				CURRENT_PROJECT_VERSION = 1;
				DEAD_CODE_STRIPPING = YES;
				DEVELOPMENT_ASSET_PATHS = "";
				DEVELOPMENT_TEAM = 2L782RMCG7;
				ENABLE_APP_SANDBOX = YES;
				ENABLE_FILE_ACCESS_DOWNLOADS_FOLDER = readwrite;
				ENABLE_FILE_ACCESS_PICTURE_FOLDER = readwrite;
				ENABLE_HARDENED_RUNTIME = YES;
				ENABLE_INCOMING_NETWORK_CONNECTIONS = NO;
				ENABLE_OUTGOING_NETWORK_CONNECTIONS = YES;
				ENABLE_PREVIEWS = YES;
				ENABLE_RESOURCE_ACCESS_AUDIO_INPUT = YES;
				ENABLE_RESOURCE_ACCESS_BLUETOOTH = NO;
				ENABLE_RESOURCE_ACCESS_CALENDARS = NO;
				ENABLE_RESOURCE_ACCESS_CAMERA = YES;
				ENABLE_RESOURCE_ACCESS_CONTACTS = NO;
				ENABLE_RESOURCE_ACCESS_LOCATION = NO;
				ENABLE_RESOURCE_ACCESS_PHOTO_LIBRARY = YES;
				ENABLE_RESOURCE_ACCESS_PRINTING = NO;
				ENABLE_RESOURCE_ACCESS_USB = NO;
				ENABLE_USER_SELECTED_FILES = readwrite;
				GENERATE_INFOPLIST_FILE = YES;
				INFOPLIST_FILE = LynkChat/Info.plist;
				INFOPLIST_KEY_LSApplicationCategoryType = "public.app-category.education";
				INFOPLIST_KEY_NSCameraUsageDescription = "Describe images using computer vision";
				INFOPLIST_KEY_NSMicrophoneUsageDescription = "To enable live audio conversation with AI";
				INFOPLIST_KEY_NSPhotoLibraryUsageDescription = "To save AI Generated images to gallery";
				"INFOPLIST_KEY_UIApplicationSceneManifest_Generation[sdk=iphoneos*]" = YES;
				"INFOPLIST_KEY_UIApplicationSceneManifest_Generation[sdk=iphonesimulator*]" = YES;
				"INFOPLIST_KEY_UIApplicationSupportsIndirectInputEvents[sdk=iphoneos*]" = YES;
				"INFOPLIST_KEY_UIApplicationSupportsIndirectInputEvents[sdk=iphonesimulator*]" = YES;
				"INFOPLIST_KEY_UILaunchScreen_Generation[sdk=iphoneos*]" = YES;
				"INFOPLIST_KEY_UILaunchScreen_Generation[sdk=iphonesimulator*]" = YES;
				"INFOPLIST_KEY_UIStatusBarStyle[sdk=iphoneos*]" = UIStatusBarStyleDefault;
				"INFOPLIST_KEY_UIStatusBarStyle[sdk=iphonesimulator*]" = UIStatusBarStyleDefault;
				INFOPLIST_KEY_UISupportedInterfaceOrientations_iPad = "UIInterfaceOrientationPortrait UIInterfaceOrientationPortraitUpsideDown UIInterfaceOrientationLandscapeLeft UIInterfaceOrientationLandscapeRight";
				IPHONEOS_DEPLOYMENT_TARGET = 26.0;
				LD_RUNPATH_SEARCH_PATHS = "@executable_path/Frameworks";
				"LD_RUNPATH_SEARCH_PATHS[sdk=macosx*]" = "@executable_path/../Frameworks";
				MACOSX_DEPLOYMENT_TARGET = 26.0;
				MARKETING_VERSION = 1.0;
				PRODUCT_BUNDLE_IDENTIFIER = com.temporary.Lynkchat;
				PRODUCT_NAME = "$(TARGET_NAME)";
				PROVISIONING_PROFILE_SPECIFIER = "";
				REGISTER_APP_GROUPS = YES;
				SDKROOT = auto;
				SUPPORTED_PLATFORMS = "iphoneos iphonesimulator macosx xros xrsimulator";
				SUPPORTS_MACCATALYST = NO;
				SWIFT_APPROACHABLE_CONCURRENCY = YES;
				SWIFT_DEFAULT_ACTOR_ISOLATION = MainActor;
				SWIFT_EMIT_LOC_STRINGS = YES;
				SWIFT_STRICT_CONCURRENCY = targeted;
				SWIFT_VERSION = 5.0;
				TARGETED_DEVICE_FAMILY = "1,2,6,7";
				XROS_DEPLOYMENT_TARGET = 2.0;
			};
			name = Release;
		};
		08DAD9C82E908D3D00BC04A1 /* Debug */ = {
			isa = XCBuildConfiguration;
			buildSettings = {
				CODE_SIGN_ENTITLEMENTS = LynkShare/LynkShare.entitlements;
				CODE_SIGN_IDENTITY = "Apple Development";
				CODE_SIGN_STYLE = Automatic;
				CURRENT_PROJECT_VERSION = 1;
				DEVELOPMENT_TEAM = 2L782RMCG7;
				GENERATE_INFOPLIST_FILE = YES;
				INFOPLIST_FILE = LynkShare/Info.plist;
				INFOPLIST_KEY_CFBundleDisplayName = LynkShare;
				INFOPLIST_KEY_NSHumanReadableCopyright = "";
				IPHONEOS_DEPLOYMENT_TARGET = 26.0;
				LD_RUNPATH_SEARCH_PATHS = (
					"$(inherited)",
					"@executable_path/Frameworks",
					"@executable_path/../../Frameworks",
				);
				MARKETING_VERSION = 1.0;
				PRODUCT_BUNDLE_IDENTIFIER = com.temporary.Lynkchat.LynkShare;
				PRODUCT_NAME = "$(TARGET_NAME)";
				SDKROOT = iphoneos;
				SKIP_INSTALL = YES;
				STRING_CATALOG_GENERATE_SYMBOLS = YES;
				SWIFT_APPROACHABLE_CONCURRENCY = YES;
				SWIFT_EMIT_LOC_STRINGS = YES;
				SWIFT_UPCOMING_FEATURE_MEMBER_IMPORT_VISIBILITY = YES;
				SWIFT_VERSION = 5.0;
				TARGETED_DEVICE_FAMILY = "1,2";
			};
			name = Debug;
		};
		08DAD9C92E908D3D00BC04A1 /* Release */ = {
			isa = XCBuildConfiguration;
			buildSettings = {
				CODE_SIGN_ENTITLEMENTS = LynkShare/LynkShare.entitlements;
				CODE_SIGN_IDENTITY = "Apple Development";
				CODE_SIGN_STYLE = Automatic;
				CURRENT_PROJECT_VERSION = 1;
				DEVELOPMENT_TEAM = 2L782RMCG7;
				GENERATE_INFOPLIST_FILE = YES;
				INFOPLIST_FILE = LynkShare/Info.plist;
				INFOPLIST_KEY_CFBundleDisplayName = LynkShare;
				INFOPLIST_KEY_NSHumanReadableCopyright = "";
				IPHONEOS_DEPLOYMENT_TARGET = 26.0;
				LD_RUNPATH_SEARCH_PATHS = (
					"$(inherited)",
					"@executable_path/Frameworks",
					"@executable_path/../../Frameworks",
				);
				MARKETING_VERSION = 1.0;
				PRODUCT_BUNDLE_IDENTIFIER = com.temporary.Lynkchat.LynkShare;
				PRODUCT_NAME = "$(TARGET_NAME)";
				SDKROOT = iphoneos;
				SKIP_INSTALL = YES;
				STRING_CATALOG_GENERATE_SYMBOLS = YES;
				SWIFT_APPROACHABLE_CONCURRENCY = YES;
				SWIFT_EMIT_LOC_STRINGS = YES;
				SWIFT_UPCOMING_FEATURE_MEMBER_IMPORT_VISIBILITY = YES;
				SWIFT_VERSION = 5.0;
				TARGETED_DEVICE_FAMILY = "1,2";
				VALIDATE_PRODUCT = YES;
			};
			name = Release;
		};
/* End XCBuildConfiguration section */

/* Begin XCConfigurationList section */
		08A2227A2C2AB4FD00D76C8B /* Build configuration list for PBXProject "LynkChat" */ = {
			isa = XCConfigurationList;
			buildConfigurations = (
				08A222A42C2AB4FE00D76C8B /* Debug */,
				08A222A52C2AB4FE00D76C8B /* Release */,
			);
			defaultConfigurationIsVisible = 0;
			defaultConfigurationName = Release;
		};
		08A222A62C2AB4FE00D76C8B /* Build configuration list for PBXNativeTarget "LynkChat" */ = {
			isa = XCConfigurationList;
			buildConfigurations = (
				08A222A72C2AB4FE00D76C8B /* Debug */,
				08A222A82C2AB4FE00D76C8B /* Release */,
			);
			defaultConfigurationIsVisible = 0;
			defaultConfigurationName = Release;
		};
		08DAD9C72E908D3D00BC04A1 /* Build configuration list for PBXNativeTarget "LynkShare" */ = {
			isa = XCConfigurationList;
			buildConfigurations = (
				08DAD9C82E908D3D00BC04A1 /* Debug */,
				08DAD9C92E908D3D00BC04A1 /* Release */,
			);
			defaultConfigurationIsVisible = 0;
			defaultConfigurationName = Release;
		};
/* End XCConfigurationList section */

/* Begin XCRemoteSwiftPackageReference section */
		085E58792E70113F0024AA4B /* XCRemoteSwiftPackageReference "SwiftMarkdownView" */ = {
			isa = XCRemoteSwiftPackageReference;
			repositoryURL = "https://github.com/SilverMarcs/SwiftMarkdownView";
			requirement = {
				branch = main;
				kind = branch;
			};
		};
/* End XCRemoteSwiftPackageReference section */

/* Begin XCSwiftPackageProductDependency section */
		085E58772E700DD20024AA4B /* SwiftMarkdownView */ = {
			isa = XCSwiftPackageProductDependency;
			productName = SwiftMarkdownView;
		};
		085E587A2E70113F0024AA4B /* SwiftMarkdownView */ = {
			isa = XCSwiftPackageProductDependency;
			package = 085E58792E70113F0024AA4B /* XCRemoteSwiftPackageReference "SwiftMarkdownView" */;
			productName = SwiftMarkdownView;
		};
/* End XCSwiftPackageProductDependency section */
	};
	rootObject = 08A222772C2AB4FD00D76C8B /* Project object */;
}
