{
  "originHash" : "666756d197e182b3b7432a02f8260a691e23a3e642d7fca184e932d9906bc340",
  "pins" : [
    {
      "identity" : "hotkey",
      "kind" : "remoteSourceControl",
      "location" : "https://github.com/soffes/HotKey",
      "state" : {
        "branch" : "main",
        "revision" : "4d02d80de143d69b7eeb5962729591a157a57ede"
      }
    },
    {
      "identity" : "swiftmarkdownview",
      "kind" : "remoteSourceControl",
      "location" : "https://github.com/SilverMarcs/SwiftMarkdownView",
      "state" : {
        "branch" : "main",
        "revision" : "a9b9a20748aaadd4b79a3a90995d0edf6ceb7a10"
      }
    }
  ],
  "version" : 3
}
