{
  "originHash" : "211c1a8813d9485c231bb5e458631c42c4133dfdad699c5f1930e4f2e9b6acb9",
  "pins" : [
    {
      "identity" : "googlegenerativeai",
      "kind" : "remoteSourceControl",
      "location" : "https://github.com/SilverMarcs/GoogleGenerativeAI",
      "state" : {
        "branch" : "main",
        "revision" : "88c1601cff8fafcbd48802d1bb1c11d155a4a235"
      }
    },
    {
      "identity" : "keyboardshortcuts",
      "kind" : "remoteSourceControl",
      "location" : "https://github.com/sindresorhus/KeyboardShortcuts",
      "state" : {
        "revision" : "7ecc38bb6edf7d087d30e737057b8d8a9b7f51eb",
        "version" : "2.2.4"
      }
    },
    {
      "identity" : "openai",
      "kind" : "remoteSourceControl",
      "location" : "https://github.com/SilverMarcs/OpenAI",
      "state" : {
        "branch" : "main",
        "revision" : "d83f91da36e87991d4c61463cf721ea56b254ed5"
      }
    },
    {
      "identity" : "swiftanthropic",
      "kind" : "remoteSourceControl",
      "location" : "https://github.com/SilverMarcs/SwiftAnthropic",
      "state" : {
        "branch" : "main",
        "revision" : "95524ed1d36b5de6e051cc82db95962959ff6efe"
      }
    },
    {
      "identity" : "swiftmarkdownview",
      "kind" : "remoteSourceControl",
      "location" : "https://github.com/SilverMarcs/SwiftMarkdownView",
      "state" : {
        "branch" : "main",
        "revision" : "3d6eb806822627e936bcd1922629aafbf9734ad0"
      }
    }
  ],
  "version" : 3
}
