{
  "originHash" : "59a7edfcc5ba2dcc8f3744c4831cd6d62abf63dd2ae46c6f01e77f5275149748",
  "pins" : [
    {
      "identity" : "swiftmarkdownview",
      "kind" : "remoteSourceControl",
      "location" : "https://github.com/SilverMarcs/SwiftMarkdownView",
      "state" : {
        "branch" : "main",
        "revision" : "560ea08fe9187aea8bd6caa9230969efc886ac64"
      }
    },
    {
      "identity" : "swiftmediaviewer",
      "kind" : "remoteSourceControl",
      "location" : "https://github.com/SilverMarcs/SwiftMediaViewer",
      "state" : {
        "branch" : "main",
        "revision" : "3ee23443f0e14a8aaea78aa63a793fbb5c0355b7"
      }
    }
  ],
  "version" : 3
}
